
Microsoft Visual Studio Solution File, Format Version 12.00
# Visual Studio Version 17
VisualStudioVersion = 17.0.32112.339
MinimumVisualStudioVersion = 10.0.40219.1
Project("{9A19103F-16F7-4668-BE54-9A1E7A4F7556}") = "EZWorksheet", "EZWorksheet\EZWorksheet.csproj", "{CBFEF43B-D27B-4F6E-8CEB-0FA653CBEE34}"
EndProject
Global
	GlobalSection(SolutionConfigurationPlatforms) = preSolution
		Debug|Any CPU = Debug|Any CPU
		Release|Any CPU = Release|Any CPU
	EndGlobalSection
	GlobalSection(ProjectConfigurationPlatforms) = postSolution
		{CBFEF43B-D27B-4F6E-8CEB-0FA653CBEE34}.Debug|Any CPU.ActiveCfg = Debug|Any CPU
		{CBFEF43B-D27B-4F6E-8CEB-0FA653CBEE34}.Debug|Any CPU.Build.0 = Debug|Any CPU
		{CBFEF43B-D27B-4F6E-8CEB-0FA653CBEE34}.Release|Any CPU.ActiveCfg = Release|Any CPU
		{CBFEF43B-D27B-4F6E-8CEB-0FA653CBEE34}.Release|Any CPU.Build.0 = Release|Any CPU
	EndGlobalSection
	GlobalSection(SolutionProperties) = preSolution
		HideSolutionNode = FALSE
	EndGlobalSection
	GlobalSection(ExtensibilityGlobals) = postSolution
		SolutionGuid = {683239DE-DA28-4043-AF1F-4F188F47F3B0}
	EndGlobalSection
EndGlobal
