
Microsoft Visual Studio Solution File, Format Version 12.00
# Visual Studio Version 16
VisualStudioVersion = 16.0.32002.261
MinimumVisualStudioVersion = 10.0.40219.1
Project("{FAE04EC0-301F-11D3-BF4B-00C04F79EFBC}") = "PDFtoPNG", "PDFtoPNG\PDFtoPNG.csproj", "{EA398257-182B-4FB7-8087-81A3136E37FF}"
EndProject
Global
	GlobalSection(SolutionConfigurationPlatforms) = preSolution
		Debug|Any CPU = Debug|Any CPU
		Release|Any CPU = Release|Any CPU
	EndGlobalSection
	GlobalSection(ProjectConfigurationPlatforms) = postSolution
		{EA398257-182B-4FB7-8087-81A3136E37FF}.Debug|Any CPU.ActiveCfg = Debug|Any CPU
		{EA398257-182B-4FB7-8087-81A3136E37FF}.Debug|Any CPU.Build.0 = Debug|Any CPU
		{EA398257-182B-4FB7-8087-81A3136E37FF}.Release|Any CPU.ActiveCfg = Release|Any CPU
		{EA398257-182B-4FB7-8087-81A3136E37FF}.Release|Any CPU.Build.0 = Release|Any CPU
	EndGlobalSection
	GlobalSection(SolutionProperties) = preSolution
		HideSolutionNode = FALSE
	EndGlobalSection
	GlobalSection(ExtensibilityGlobals) = postSolution
		SolutionGuid = {EC6AADE7-94F9-456B-A5D9-9D5041B746FB}
	EndGlobalSection
EndGlobal
